// !$*UTF8*$!
{
	archiveVersion = 1;
	classes = {
	};
	objectVersion = 50;
	objects = {

/* Begin PBXBuildFile section */
		322524BA2279BDC6004B8A9B /* EducationVC.swift in Sources */ = {isa = PBXBuildFile; fileRef = 322524B92279BDC6004B8A9B /* EducationVC.swift */; };
		322524BD2279DD21004B8A9B /* SchoolCell.swift in Sources */ = {isa = PBXBuildFile; fileRef = 322524BC2279DD21004B8A9B /* SchoolCell.swift */; };
		3235A77F2271B3BA006CD7D3 /* StackViewWithButtons.swift in Sources */ = {isa = PBXBuildFile; fileRef = 3235A77B2271B3BA006CD7D3 /* StackViewWithButtons.swift */; };
		3235A7802271B3BA006CD7D3 /* SectionsImageView.swift in Sources */ = {isa = PBXBuildFile; fileRef = 3235A77C2271B3BA006CD7D3 /* SectionsImageView.swift */; };
		3235A7812271B3BA006CD7D3 /* StackViewWithLabels.swift in Sources */ = {isa = PBXBuildFile; fileRef = 3235A77D2271B3BA006CD7D3 /* StackViewWithLabels.swift */; };
		3235A7822271B3BA006CD7D3 /* SectionsView.swift in Sources */ = {isa = PBXBuildFile; fileRef = 3235A77E2271B3BA006CD7D3 /* SectionsView.swift */; };
		3235A7862271D2BC006CD7D3 /* Content.json in Resources */ = {isa = PBXBuildFile; fileRef = 3235A7852271D2BC006CD7D3 /* Content.json */; };
		3235A7882271D2CE006CD7D3 /* APIService.swift in Sources */ = {isa = PBXBuildFile; fileRef = 3235A7872271D2CE006CD7D3 /* APIService.swift */; };
		3235A78C22722D0F006CD7D3 /* Contacts.swift in Sources */ = {isa = PBXBuildFile; fileRef = 3235A78B22722D0F006CD7D3 /* Contacts.swift */; };
		3235A78E2272405F006CD7D3 /* Summary.swift in Sources */ = {isa = PBXBuildFile; fileRef = 3235A78D2272405F006CD7D3 /* Summary.swift */; };
		3235A79022724089006CD7D3 /* Skills.swift in Sources */ = {isa = PBXBuildFile; fileRef = 3235A78F22724089006CD7D3 /* Skills.swift */; };
		3235A792227240A9006CD7D3 /* Education.swift in Sources */ = {isa = PBXBuildFile; fileRef = 3235A791227240A9006CD7D3 /* Education.swift */; };
		3235A794227240C3006CD7D3 /* Experience.swift in Sources */ = {isa = PBXBuildFile; fileRef = 3235A793227240C3006CD7D3 /* Experience.swift */; };
		3235A796227240DF006CD7D3 /* Additional.swift in Sources */ = {isa = PBXBuildFile; fileRef = 3235A795227240DF006CD7D3 /* Additional.swift */; };
		3235A79822732B4B006CD7D3 /* ContactsVC.swift in Sources */ = {isa = PBXBuildFile; fileRef = 3235A79722732B4B006CD7D3 /* ContactsVC.swift */; };
		3235A79A2273365A006CD7D3 /* ContactCell.swift in Sources */ = {isa = PBXBuildFile; fileRef = 3235A7992273365A006CD7D3 /* ContactCell.swift */; };
		323A94B12279903F000EAF78 /* SkillsVC.swift in Sources */ = {isa = PBXBuildFile; fileRef = 323A94B02279903F000EAF78 /* SkillsVC.swift */; };
		323A94B42279920A000EAF78 /* SkillCell.swift in Sources */ = {isa = PBXBuildFile; fileRef = 323A94B32279920A000EAF78 /* SkillCell.swift */; };
		323A94B62279946C000EAF78 /* SkillsSectionHeaderView.swift in Sources */ = {isa = PBXBuildFile; fileRef = 323A94B52279946C000EAF78 /* SkillsSectionHeaderView.swift */; };
		323A94B9227998BB000EAF78 /* Extensions.swift in Sources */ = {isa = PBXBuildFile; fileRef = 323A94B8227998BB000EAF78 /* Extensions.swift */; };
		32438391227D6C8B0015E55A /* AdditionalViewModel.swift in Sources */ = {isa = PBXBuildFile; fileRef = 32438390227D6C8B0015E55A /* AdditionalViewModel.swift */; };
		32438396227D75CA0015E55A /* Observable.swift in Sources */ = {isa = PBXBuildFile; fileRef = 32438395227D75CA0015E55A /* Observable.swift */; };
		3268AE6322782FB5001E81A4 /* SummaryVC.swift in Sources */ = {isa = PBXBuildFile; fileRef = 3268AE6222782FB5001E81A4 /* SummaryVC.swift */; };
		327A75E8227085F300F8957F /* AppDelegate.swift in Sources */ = {isa = PBXBuildFile; fileRef = 327A75E7227085F300F8957F /* AppDelegate.swift */; };
		327A75EA227085F300F8957F /* StartVC.swift in Sources */ = {isa = PBXBuildFile; fileRef = 327A75E9227085F300F8957F /* StartVC.swift */; };
		327A75ED227085F300F8957F /* Main.storyboard in Resources */ = {isa = PBXBuildFile; fileRef = 327A75EB227085F300F8957F /* Main.storyboard */; };
		327A75F0227085F300F8957F /* MyCV.xcdatamodeld in Sources */ = {isa = PBXBuildFile; fileRef = 327A75EE227085F300F8957F /* MyCV.xcdatamodeld */; };
		327A75F2227085F600F8957F /* Assets.xcassets in Resources */ = {isa = PBXBuildFile; fileRef = 327A75F1227085F600F8957F /* Assets.xcassets */; };
		327A75F5227085F600F8957F /* LaunchScreen.storyboard in Resources */ = {isa = PBXBuildFile; fileRef = 327A75F3227085F600F8957F /* LaunchScreen.storyboard */; };
		327A7600227085F600F8957F /* MyCVTests.swift in Sources */ = {isa = PBXBuildFile; fileRef = 327A75FF227085F600F8957F /* MyCVTests.swift */; };
		328F6917227AE56900B63928 /* UniversityCell.swift in Sources */ = {isa = PBXBuildFile; fileRef = 328F6916227AE56900B63928 /* UniversityCell.swift */; };
		328F6919227AE57400B63928 /* CoursesCell.swift in Sources */ = {isa = PBXBuildFile; fileRef = 328F6918227AE57400B63928 /* CoursesCell.swift */; };
		329656A5227D9521002C198F /* AdditionalVC.swift in Sources */ = {isa = PBXBuildFile; fileRef = 329656A4227D9521002C198F /* AdditionalVC.swift */; };
		329656A7227DB43B002C198F /* ExperienceViewModel.swift in Sources */ = {isa = PBXBuildFile; fileRef = 329656A6227DB43B002C198F /* ExperienceViewModel.swift */; };
		329656A9227DB44D002C198F /* ExperienceVC.swift in Sources */ = {isa = PBXBuildFile; fileRef = 329656A8227DB44D002C198F /* ExperienceVC.swift */; };
		329656AC227DB47F002C198F /* ExperienceCell.swift in Sources */ = {isa = PBXBuildFile; fileRef = 329656AB227DB47F002C198F /* ExperienceCell.swift */; };
		329656AE227DB48E002C198F /* ExperienceCellViewModel.swift in Sources */ = {isa = PBXBuildFile; fileRef = 329656AD227DB48E002C198F /* ExperienceCellViewModel.swift */; };
		329656B2227DB530002C198F /* Configurable.swift in Sources */ = {isa = PBXBuildFile; fileRef = 329656B1227DB530002C198F /* Configurable.swift */; };
		329656BD227DD724002C198F /* ExperienceController.swift in Sources */ = {isa = PBXBuildFile; fileRef = 329656BC227DD724002C198F /* ExperienceController.swift */; };
		329656BF227DDE63002C198F /* DetailsVC.swift in Sources */ = {isa = PBXBuildFile; fileRef = 329656BE227DDE63002C198F /* DetailsVC.swift */; };
/* End PBXBuildFile section */

/* Begin PBXContainerItemProxy section */
		327A75FC227085F600F8957F /* PBXContainerItemProxy */ = {
			isa = PBXContainerItemProxy;
			containerPortal = 327A75DC227085F300F8957F /* Project object */;
			proxyType = 1;
			remoteGlobalIDString = 327A75E3227085F300F8957F;
			remoteInfo = MyCV;
		};
/* End PBXContainerItemProxy section */

/* Begin PBXFileReference section */
		322524B92279BDC6004B8A9B /* EducationVC.swift */ = {isa = PBXFileReference; lastKnownFileType = sourcecode.swift; path = EducationVC.swift; sourceTree = "<group>"; };
		322524BC2279DD21004B8A9B /* SchoolCell.swift */ = {isa = PBXFileReference; lastKnownFileType = sourcecode.swift; path = SchoolCell.swift; sourceTree = "<group>"; };
		3235A77B2271B3BA006CD7D3 /* StackViewWithButtons.swift */ = {isa = PBXFileReference; fileEncoding = 4; lastKnownFileType = sourcecode.swift; path = StackViewWithButtons.swift; sourceTree = "<group>"; };
		3235A77C2271B3BA006CD7D3 /* SectionsImageView.swift */ = {isa = PBXFileReference; fileEncoding = 4; lastKnownFileType = sourcecode.swift; path = SectionsImageView.swift; sourceTree = "<group>"; };
		3235A77D2271B3BA006CD7D3 /* StackViewWithLabels.swift */ = {isa = PBXFileReference; fileEncoding = 4; lastKnownFileType = sourcecode.swift; path = StackViewWithLabels.swift; sourceTree = "<group>"; };
		3235A77E2271B3BA006CD7D3 /* SectionsView.swift */ = {isa = PBXFileReference; fileEncoding = 4; lastKnownFileType = sourcecode.swift; path = SectionsView.swift; sourceTree = "<group>"; };
		3235A7852271D2BC006CD7D3 /* Content.json */ = {isa = PBXFileReference; lastKnownFileType = text.json; path = Content.json; sourceTree = "<group>"; };
		3235A7872271D2CE006CD7D3 /* APIService.swift */ = {isa = PBXFileReference; lastKnownFileType = sourcecode.swift; path = APIService.swift; sourceTree = "<group>"; };
		3235A78B22722D0F006CD7D3 /* Contacts.swift */ = {isa = PBXFileReference; lastKnownFileType = sourcecode.swift; path = Contacts.swift; sourceTree = "<group>"; };
		3235A78D2272405F006CD7D3 /* Summary.swift */ = {isa = PBXFileReference; lastKnownFileType = sourcecode.swift; path = Summary.swift; sourceTree = "<group>"; };
		3235A78F22724089006CD7D3 /* Skills.swift */ = {isa = PBXFileReference; lastKnownFileType = sourcecode.swift; path = Skills.swift; sourceTree = "<group>"; };
		3235A791227240A9006CD7D3 /* Education.swift */ = {isa = PBXFileReference; lastKnownFileType = sourcecode.swift; path = Education.swift; sourceTree = "<group>"; };
		3235A793227240C3006CD7D3 /* Experience.swift */ = {isa = PBXFileReference; lastKnownFileType = sourcecode.swift; path = Experience.swift; sourceTree = "<group>"; };
		3235A795227240DF006CD7D3 /* Additional.swift */ = {isa = PBXFileReference; lastKnownFileType = sourcecode.swift; path = Additional.swift; sourceTree = "<group>"; };
		3235A79722732B4B006CD7D3 /* ContactsVC.swift */ = {isa = PBXFileReference; lastKnownFileType = sourcecode.swift; path = ContactsVC.swift; sourceTree = "<group>"; };
		3235A7992273365A006CD7D3 /* ContactCell.swift */ = {isa = PBXFileReference; lastKnownFileType = sourcecode.swift; path = ContactCell.swift; sourceTree = "<group>"; };
		323A94B02279903F000EAF78 /* SkillsVC.swift */ = {isa = PBXFileReference; lastKnownFileType = sourcecode.swift; path = SkillsVC.swift; sourceTree = "<group>"; };
		323A94B32279920A000EAF78 /* SkillCell.swift */ = {isa = PBXFileReference; lastKnownFileType = sourcecode.swift; path = SkillCell.swift; sourceTree = "<group>"; };
		323A94B52279946C000EAF78 /* SkillsSectionHeaderView.swift */ = {isa = PBXFileReference; lastKnownFileType = sourcecode.swift; path = SkillsSectionHeaderView.swift; sourceTree = "<group>"; };
		323A94B8227998BB000EAF78 /* Extensions.swift */ = {isa = PBXFileReference; lastKnownFileType = sourcecode.swift; path = Extensions.swift; sourceTree = "<group>"; };
		32438390227D6C8B0015E55A /* AdditionalViewModel.swift */ = {isa = PBXFileReference; lastKnownFileType = sourcecode.swift; path = AdditionalViewModel.swift; sourceTree = "<group>"; };
		32438395227D75CA0015E55A /* Observable.swift */ = {isa = PBXFileReference; lastKnownFileType = sourcecode.swift; path = Observable.swift; sourceTree = "<group>"; };
		3268AE6222782FB5001E81A4 /* SummaryVC.swift */ = {isa = PBXFileReference; lastKnownFileType = sourcecode.swift; path = SummaryVC.swift; sourceTree = "<group>"; };
		327A75E4227085F300F8957F /* MyCV.app */ = {isa = PBXFileReference; explicitFileType = wrapper.application; includeInIndex = 0; path = MyCV.app; sourceTree = BUILT_PRODUCTS_DIR; };
		327A75E7227085F300F8957F /* AppDelegate.swift */ = {isa = PBXFileReference; lastKnownFileType = sourcecode.swift; path = AppDelegate.swift; sourceTree = "<group>"; };
		327A75E9227085F300F8957F /* StartVC.swift */ = {isa = PBXFileReference; lastKnownFileType = sourcecode.swift; path = StartVC.swift; sourceTree = "<group>"; };
		327A75EC227085F300F8957F /* Base */ = {isa = PBXFileReference; lastKnownFileType = file.storyboard; name = Base; path = Base.lproj/Main.storyboard; sourceTree = "<group>"; };
		327A75EF227085F300F8957F /* MyCV.xcdatamodel */ = {isa = PBXFileReference; lastKnownFileType = wrapper.xcdatamodel; path = MyCV.xcdatamodel; sourceTree = "<group>"; };
		327A75F1227085F600F8957F /* Assets.xcassets */ = {isa = PBXFileReference; lastKnownFileType = folder.assetcatalog; path = Assets.xcassets; sourceTree = "<group>"; };
		327A75F4227085F600F8957F /* Base */ = {isa = PBXFileReference; lastKnownFileType = file.storyboard; name = Base; path = Base.lproj/LaunchScreen.storyboard; sourceTree = "<group>"; };
		327A75F6227085F600F8957F /* Info.plist */ = {isa = PBXFileReference; lastKnownFileType = text.plist.xml; path = Info.plist; sourceTree = "<group>"; };
		327A75FB227085F600F8957F /* MyCVTests.xctest */ = {isa = PBXFileReference; explicitFileType = wrapper.cfbundle; includeInIndex = 0; path = MyCVTests.xctest; sourceTree = BUILT_PRODUCTS_DIR; };
		327A75FF227085F600F8957F /* MyCVTests.swift */ = {isa = PBXFileReference; lastKnownFileType = sourcecode.swift; path = MyCVTests.swift; sourceTree = "<group>"; };
		327A7601227085F600F8957F /* Info.plist */ = {isa = PBXFileReference; lastKnownFileType = text.plist.xml; path = Info.plist; sourceTree = "<group>"; };
		328F6916227AE56900B63928 /* UniversityCell.swift */ = {isa = PBXFileReference; lastKnownFileType = sourcecode.swift; path = UniversityCell.swift; sourceTree = "<group>"; };
		328F6918227AE57400B63928 /* CoursesCell.swift */ = {isa = PBXFileReference; lastKnownFileType = sourcecode.swift; path = CoursesCell.swift; sourceTree = "<group>"; };
		329656A4227D9521002C198F /* AdditionalVC.swift */ = {isa = PBXFileReference; lastKnownFileType = sourcecode.swift; path = AdditionalVC.swift; sourceTree = "<group>"; };
		329656A6227DB43B002C198F /* ExperienceViewModel.swift */ = {isa = PBXFileReference; lastKnownFileType = sourcecode.swift; path = ExperienceViewModel.swift; sourceTree = "<group>"; };
		329656A8227DB44D002C198F /* ExperienceVC.swift */ = {isa = PBXFileReference; lastKnownFileType = sourcecode.swift; path = ExperienceVC.swift; sourceTree = "<group>"; };
		329656AB227DB47F002C198F /* ExperienceCell.swift */ = {isa = PBXFileReference; lastKnownFileType = sourcecode.swift; path = ExperienceCell.swift; sourceTree = "<group>"; };
		329656AD227DB48E002C198F /* ExperienceCellViewModel.swift */ = {isa = PBXFileReference; lastKnownFileType = sourcecode.swift; path = ExperienceCellViewModel.swift; sourceTree = "<group>"; };
		329656B1227DB530002C198F /* Configurable.swift */ = {isa = PBXFileReference; lastKnownFileType = sourcecode.swift; path = Configurable.swift; sourceTree = "<group>"; };
		329656BC227DD724002C198F /* ExperienceController.swift */ = {isa = PBXFileReference; fileEncoding = 4; lastKnownFileType = sourcecode.swift; path = ExperienceController.swift; sourceTree = "<group>"; };
		329656BE227DDE63002C198F /* DetailsVC.swift */ = {isa = PBXFileReference; fileEncoding = 4; lastKnownFileType = sourcecode.swift; path = DetailsVC.swift; sourceTree = "<group>"; };
/* End PBXFileReference section */

/* Begin PBXFrameworksBuildPhase section */
		327A75E1227085F300F8957F /* Frameworks */ = {
			isa = PBXFrameworksBuildPhase;
			buildActionMask = 2147483647;
			files = (
			);
			runOnlyForDeploymentPostprocessing = 0;
		};
		327A75F8227085F600F8957F /* Frameworks */ = {
			isa = PBXFrameworksBuildPhase;
			buildActionMask = 2147483647;
			files = (
			);
			runOnlyForDeploymentPostprocessing = 0;
		};
/* End PBXFrameworksBuildPhase section */

/* Begin PBXGroup section */
		322524BB2279DCF0004B8A9B /* Education screen */ = {
			isa = PBXGroup;
			children = (
				322524BC2279DD21004B8A9B /* SchoolCell.swift */,
				328F6916227AE56900B63928 /* UniversityCell.swift */,
				328F6918227AE57400B63928 /* CoursesCell.swift */,
			);
			path = "Education screen";
			sourceTree = "<group>";
		};
		3235A7792271B2F8006CD7D3 /* MVC */ = {
			isa = PBXGroup;
			children = (
				327A76152270F86D00F8957F /* Views */,
				3235A77A2271B33C006CD7D3 /* Controllers */,
			);
			path = MVC;
			sourceTree = "<group>";
		};
		3235A77A2271B33C006CD7D3 /* Controllers */ = {
			isa = PBXGroup;
			children = (
				327A75E9227085F300F8957F /* StartVC.swift */,
				3235A79722732B4B006CD7D3 /* ContactsVC.swift */,
				3268AE6222782FB5001E81A4 /* SummaryVC.swift */,
				323A94B02279903F000EAF78 /* SkillsVC.swift */,
				322524B92279BDC6004B8A9B /* EducationVC.swift */,
			);
			path = Controllers;
			sourceTree = "<group>";
		};
		3235A7832271B801006CD7D3 /* Models */ = {
			isa = PBXGroup;
			children = (
				3235A78B22722D0F006CD7D3 /* Contacts.swift */,
				3235A78D2272405F006CD7D3 /* Summary.swift */,
				3235A78F22724089006CD7D3 /* Skills.swift */,
				3235A791227240A9006CD7D3 /* Education.swift */,
				3235A793227240C3006CD7D3 /* Experience.swift */,
				3235A795227240DF006CD7D3 /* Additional.swift */,
			);
			path = Models;
			sourceTree = "<group>";
		};
		3235A7842271D296006CD7D3 /* Service */ = {
			isa = PBXGroup;
			children = (
				3235A7852271D2BC006CD7D3 /* Content.json */,
				3235A7872271D2CE006CD7D3 /* APIService.swift */,
			);
			path = Service;
			sourceTree = "<group>";
		};
		323A94AD2279879E000EAF78 /* MVVM */ = {
			isa = PBXGroup;
			children = (
				32BB0804227B22B40021DC03 /* Modules */,
			);
			path = MVVM;
			sourceTree = "<group>";
		};
		323A94AE22799014000EAF78 /* Start screen */ = {
			isa = PBXGroup;
			children = (
				3235A77C2271B3BA006CD7D3 /* SectionsImageView.swift */,
				3235A77E2271B3BA006CD7D3 /* SectionsView.swift */,
				3235A77B2271B3BA006CD7D3 /* StackViewWithButtons.swift */,
				3235A77D2271B3BA006CD7D3 /* StackViewWithLabels.swift */,
			);
			path = "Start screen";
			sourceTree = "<group>";
		};
		323A94AF22799024000EAF78 /* Contacts screen */ = {
			isa = PBXGroup;
			children = (
				3235A7992273365A006CD7D3 /* ContactCell.swift */,
			);
			path = "Contacts screen";
			sourceTree = "<group>";
		};
		323A94B2227991F0000EAF78 /* Skills screen */ = {
			isa = PBXGroup;
			children = (
				323A94B32279920A000EAF78 /* SkillCell.swift */,
				323A94B52279946C000EAF78 /* SkillsSectionHeaderView.swift */,
			);
			path = "Skills screen";
			sourceTree = "<group>";
		};
		323A94B7227998AD000EAF78 /* Helpers */ = {
			isa = PBXGroup;
			children = (
				323A94B8227998BB000EAF78 /* Extensions.swift */,
				32438395227D75CA0015E55A /* Observable.swift */,
			);
			path = Helpers;
			sourceTree = "<group>";
		};
		327A75DB227085F300F8957F = {
			isa = PBXGroup;
			children = (
				327A75E6227085F300F8957F /* MyCV */,
				327A75FE227085F600F8957F /* MyCVTests */,
				327A75E5227085F300F8957F /* Products */,
			);
			sourceTree = "<group>";
		};
		327A75E5227085F300F8957F /* Products */ = {
			isa = PBXGroup;
			children = (
				327A75E4227085F300F8957F /* MyCV.app */,
				327A75FB227085F600F8957F /* MyCVTests.xctest */,
			);
			name = Products;
			sourceTree = "<group>";
		};
		327A75E6227085F300F8957F /* MyCV */ = {
			isa = PBXGroup;
			children = (
				327A75E7227085F300F8957F /* AppDelegate.swift */,
				327A75EB227085F300F8957F /* Main.storyboard */,
				327A75F1227085F600F8957F /* Assets.xcassets */,
				327A75F3227085F600F8957F /* LaunchScreen.storyboard */,
				327A75F6227085F600F8957F /* Info.plist */,
				327A75EE227085F300F8957F /* MyCV.xcdatamodeld */,
				323A94B7227998AD000EAF78 /* Helpers */,
				3235A7842271D296006CD7D3 /* Service */,
				3235A7832271B801006CD7D3 /* Models */,
				323A94AD2279879E000EAF78 /* MVVM */,
				3235A7792271B2F8006CD7D3 /* MVC */,
			);
			path = MyCV;
			sourceTree = "<group>";
		};
		327A75FE227085F600F8957F /* MyCVTests */ = {
			isa = PBXGroup;
			children = (
				327A75FF227085F600F8957F /* MyCVTests.swift */,
				327A7601227085F600F8957F /* Info.plist */,
			);
			path = MyCVTests;
			sourceTree = "<group>";
		};
		327A76152270F86D00F8957F /* Views */ = {
			isa = PBXGroup;
			children = (
				322524BB2279DCF0004B8A9B /* Education screen */,
				323A94B2227991F0000EAF78 /* Skills screen */,
				323A94AE22799014000EAF78 /* Start screen */,
				323A94AF22799024000EAF78 /* Contacts screen */,
			);
			path = Views;
			sourceTree = "<group>";
		};
		329656AA227DB456002C198F /* Cell */ = {
			isa = PBXGroup;
			children = (
				329656BE227DDE63002C198F /* DetailsVC.swift */,
				329656AB227DB47F002C198F /* ExperienceCell.swift */,
				329656AD227DB48E002C198F /* ExperienceCellViewModel.swift */,
				329656B1227DB530002C198F /* Configurable.swift */,
			);
			path = Cell;
			sourceTree = "<group>";
		};
		32B1BD47227B232F00FC95E5 /* Additional screen */ = {
			isa = PBXGroup;
			children = (
				32438390227D6C8B0015E55A /* AdditionalViewModel.swift */,
				329656A4227D9521002C198F /* AdditionalVC.swift */,
			);
			path = "Additional screen";
			sourceTree = "<group>";
		};
		32B1BD48227B234300FC95E5 /* Experience screen */ = {
			isa = PBXGroup;
			children = (
				329656AA227DB456002C198F /* Cell */,
				329656A6227DB43B002C198F /* ExperienceViewModel.swift */,
				329656BC227DD724002C198F /* ExperienceController.swift */,
				329656A8227DB44D002C198F /* ExperienceVC.swift */,
			);
			path = "Experience screen";
			sourceTree = "<group>";
		};
		32BB0804227B22B40021DC03 /* Modules */ = {
			isa = PBXGroup;
			children = (
				32B1BD48227B234300FC95E5 /* Experience screen */,
				32B1BD47227B232F00FC95E5 /* Additional screen */,
			);
			path = Modules;
			sourceTree = "<group>";
		};
/* End PBXGroup section */

/* Begin PBXNativeTarget section */
		327A75E3227085F300F8957F /* MyCV */ = {
			isa = PBXNativeTarget;
			buildConfigurationList = 327A7604227085F600F8957F /* Build configuration list for PBXNativeTarget "MyCV" */;
			buildPhases = (
				327A75E0227085F300F8957F /* Sources */,
				327A75E1227085F300F8957F /* Frameworks */,
				327A75E2227085F300F8957F /* Resources */,
			);
			buildRules = (
			);
			dependencies = (
			);
			name = MyCV;
			productName = MyCV;
			productReference = 327A75E4227085F300F8957F /* MyCV.app */;
			productType = "com.apple.product-type.application";
		};
		327A75FA227085F600F8957F /* MyCVTests */ = {
			isa = PBXNativeTarget;
			buildConfigurationList = 327A7607227085F600F8957F /* Build configuration list for PBXNativeTarget "MyCVTests" */;
			buildPhases = (
				327A75F7227085F600F8957F /* Sources */,
				327A75F8227085F600F8957F /* Frameworks */,
				327A75F9227085F600F8957F /* Resources */,
			);
			buildRules = (
			);
			dependencies = (
				327A75FD227085F600F8957F /* PBXTargetDependency */,
			);
			name = MyCVTests;
			productName = MyCVTests;
			productReference = 327A75FB227085F600F8957F /* MyCVTests.xctest */;
			productType = "com.apple.product-type.bundle.unit-test";
		};
/* End PBXNativeTarget section */

/* Begin PBXProject section */
		327A75DC227085F300F8957F /* Project object */ = {
			isa = PBXProject;
			attributes = {
				LastSwiftUpdateCheck = 1020;
				LastUpgradeCheck = 1020;
				ORGANIZATIONNAME = "Dima Dobrovolskyy";
				TargetAttributes = {
					327A75E3227085F300F8957F = {
						CreatedOnToolsVersion = 10.2.1;
					};
					327A75FA227085F600F8957F = {
						CreatedOnToolsVersion = 10.2.1;
						TestTargetID = 327A75E3227085F300F8957F;
					};
				};
			};
			buildConfigurationList = 327A75DF227085F300F8957F /* Build configuration list for PBXProject "MyCV" */;
			compatibilityVersion = "Xcode 9.3";
			developmentRegion = en;
			hasScannedForEncodings = 0;
			knownRegions = (
				en,
				Base,
			);
			mainGroup = 327A75DB227085F300F8957F;
			productRefGroup = 327A75E5227085F300F8957F /* Products */;
			projectDirPath = "";
			projectRoot = "";
			targets = (
				327A75E3227085F300F8957F /* MyCV */,
				327A75FA227085F600F8957F /* MyCVTests */,
			);
		};
/* End PBXProject section */

/* Begin PBXResourcesBuildPhase section */
		327A75E2227085F300F8957F /* Resources */ = {
			isa = PBXResourcesBuildPhase;
			buildActionMask = 2147483647;
			files = (
				327A75F5227085F600F8957F /* LaunchScreen.storyboard in Resources */,
				327A75F2227085F600F8957F /* Assets.xcassets in Resources */,
				327A75ED227085F300F8957F /* Main.storyboard in Resources */,
				3235A7862271D2BC006CD7D3 /* Content.json in Resources */,
			);
			runOnlyForDeploymentPostprocessing = 0;
		};
		327A75F9227085F600F8957F /* Resources */ = {
			isa = PBXResourcesBuildPhase;
			buildActionMask = 2147483647;
			files = (
			);
			runOnlyForDeploymentPostprocessing = 0;
		};
/* End PBXResourcesBuildPhase section */

/* Begin PBXSourcesBuildPhase section */
		327A75E0227085F300F8957F /* Sources */ = {
			isa = PBXSourcesBuildPhase;
			buildActionMask = 2147483647;
			files = (
				3235A7822271B3BA006CD7D3 /* SectionsView.swift in Sources */,
				32438391227D6C8B0015E55A /* AdditionalViewModel.swift in Sources */,
				329656B2227DB530002C198F /* Configurable.swift in Sources */,
				3235A79022724089006CD7D3 /* Skills.swift in Sources */,
				329656BF227DDE63002C198F /* DetailsVC.swift in Sources */,
				322524BD2279DD21004B8A9B /* SchoolCell.swift in Sources */,
				323A94B42279920A000EAF78 /* SkillCell.swift in Sources */,
				322524BA2279BDC6004B8A9B /* EducationVC.swift in Sources */,
				3235A792227240A9006CD7D3 /* Education.swift in Sources */,
				329656A5227D9521002C198F /* AdditionalVC.swift in Sources */,
				3235A794227240C3006CD7D3 /* Experience.swift in Sources */,
				3268AE6322782FB5001E81A4 /* SummaryVC.swift in Sources */,
				3235A7812271B3BA006CD7D3 /* StackViewWithLabels.swift in Sources */,
				328F6917227AE56900B63928 /* UniversityCell.swift in Sources */,
				329656AE227DB48E002C198F /* ExperienceCellViewModel.swift in Sources */,
				327A75EA227085F300F8957F /* StartVC.swift in Sources */,
				3235A78E2272405F006CD7D3 /* Summary.swift in Sources */,
				3235A77F2271B3BA006CD7D3 /* StackViewWithButtons.swift in Sources */,
				3235A79A2273365A006CD7D3 /* ContactCell.swift in Sources */,
				323A94B12279903F000EAF78 /* SkillsVC.swift in Sources */,
				3235A79822732B4B006CD7D3 /* ContactsVC.swift in Sources */,
				323A94B9227998BB000EAF78 /* Extensions.swift in Sources */,
				329656BD227DD724002C198F /* ExperienceController.swift in Sources */,
				328F6919227AE57400B63928 /* CoursesCell.swift in Sources */,
				3235A78C22722D0F006CD7D3 /* Contacts.swift in Sources */,
				3235A796227240DF006CD7D3 /* Additional.swift in Sources */,
				329656A9227DB44D002C198F /* ExperienceVC.swift in Sources */,
				327A75E8227085F300F8957F /* AppDelegate.swift in Sources */,
				327A75F0227085F300F8957F /* MyCV.xcdatamodeld in Sources */,
				32438396227D75CA0015E55A /* Observable.swift in Sources */,
				3235A7882271D2CE006CD7D3 /* APIService.swift in Sources */,
				329656AC227DB47F002C198F /* ExperienceCell.swift in Sources */,
				3235A7802271B3BA006CD7D3 /* SectionsImageView.swift in Sources */,
				329656A7227DB43B002C198F /* ExperienceViewModel.swift in Sources */,
				323A94B62279946C000EAF78 /* SkillsSectionHeaderView.swift in Sources */,
			);
			runOnlyForDeploymentPostprocessing = 0;
		};
		327A75F7227085F600F8957F /* Sources */ = {
			isa = PBXSourcesBuildPhase;
			buildActionMask = 2147483647;
			files = (
				327A7600227085F600F8957F /* MyCVTests.swift in Sources */,
			);
			runOnlyForDeploymentPostprocessing = 0;
		};
/* End PBXSourcesBuildPhase section */

/* Begin PBXTargetDependency section */
		327A75FD227085F600F8957F /* PBXTargetDependency */ = {
			isa = PBXTargetDependency;
			target = 327A75E3227085F300F8957F /* MyCV */;
			targetProxy = 327A75FC227085F600F8957F /* PBXContainerItemProxy */;
		};
/* End PBXTargetDependency section */

/* Begin PBXVariantGroup section */
		327A75EB227085F300F8957F /* Main.storyboard */ = {
			isa = PBXVariantGroup;
			children = (
				327A75EC227085F300F8957F /* Base */,
			);
			name = Main.storyboard;
			sourceTree = "<group>";
		};
		327A75F3227085F600F8957F /* LaunchScreen.storyboard */ = {
			isa = PBXVariantGroup;
			children = (
				327A75F4227085F600F8957F /* Base */,
			);
			name = LaunchScreen.storyboard;
			sourceTree = "<group>";
		};
/* End PBXVariantGroup section */

/* Begin XCBuildConfiguration section */
		327A7602227085F600F8957F /* Debug */ = {
			isa = XCBuildConfiguration;
			buildSettings = {
				ALWAYS_SEARCH_USER_PATHS = NO;
				CLANG_ANALYZER_NONNULL = YES;
				CLANG_ANALYZER_NUMBER_OBJECT_CONVERSION = YES_AGGRESSIVE;
				CLANG_CXX_LANGUAGE_STANDARD = "gnu++14";
				CLANG_CXX_LIBRARY = "libc++";
				CLANG_ENABLE_MODULES = YES;
				CLANG_ENABLE_OBJC_ARC = YES;
				CLANG_ENABLE_OBJC_WEAK = YES;
				CLANG_WARN_BLOCK_CAPTURE_AUTORELEASING = YES;
				CLANG_WARN_BOOL_CONVERSION = YES;
				CLANG_WARN_COMMA = YES;
				CLANG_WARN_CONSTANT_CONVERSION = YES;
				CLANG_WARN_DEPRECATED_OBJC_IMPLEMENTATIONS = YES;
				CLANG_WARN_DIRECT_OBJC_ISA_USAGE = YES_ERROR;
				CLANG_WARN_DOCUMENTATION_COMMENTS = YES;
				CLANG_WARN_EMPTY_BODY = YES;
				CLANG_WARN_ENUM_CONVERSION = YES;
				CLANG_WARN_INFINITE_RECURSION = YES;
				CLANG_WARN_INT_CONVERSION = YES;
				CLANG_WARN_NON_LITERAL_NULL_CONVERSION = YES;
				CLANG_WARN_OBJC_IMPLICIT_RETAIN_SELF = YES;
				CLANG_WARN_OBJC_LITERAL_CONVERSION = YES;
				CLANG_WARN_OBJC_ROOT_CLASS = YES_ERROR;
				CLANG_WARN_RANGE_LOOP_ANALYSIS = YES;
				CLANG_WARN_STRICT_PROTOTYPES = YES;
				CLANG_WARN_SUSPICIOUS_MOVE = YES;
				CLANG_WARN_UNGUARDED_AVAILABILITY = YES_AGGRESSIVE;
				CLANG_WARN_UNREACHABLE_CODE = YES;
				CLANG_WARN__DUPLICATE_METHOD_MATCH = YES;
				CODE_SIGN_IDENTITY = "iPhone Developer";
				COPY_PHASE_STRIP = NO;
				DEBUG_INFORMATION_FORMAT = dwarf;
				ENABLE_STRICT_OBJC_MSGSEND = YES;
				ENABLE_TESTABILITY = YES;
				GCC_C_LANGUAGE_STANDARD = gnu11;
				GCC_DYNAMIC_NO_PIC = NO;
				GCC_NO_COMMON_BLOCKS = YES;
				GCC_OPTIMIZATION_LEVEL = 0;
				GCC_PREPROCESSOR_DEFINITIONS = (
					"DEBUG=1",
					"$(inherited)",
				);
				GCC_WARN_64_TO_32_BIT_CONVERSION = YES;
				GCC_WARN_ABOUT_RETURN_TYPE = YES_ERROR;
				GCC_WARN_UNDECLARED_SELECTOR = YES;
				GCC_WARN_UNINITIALIZED_AUTOS = YES_AGGRESSIVE;
				GCC_WARN_UNUSED_FUNCTION = YES;
				GCC_WARN_UNUSED_VARIABLE = YES;
				IPHONEOS_DEPLOYMENT_TARGET = 12.2;
				MTL_ENABLE_DEBUG_INFO = INCLUDE_SOURCE;
				MTL_FAST_MATH = YES;
				ONLY_ACTIVE_ARCH = YES;
				SDKROOT = iphoneos;
				SWIFT_ACTIVE_COMPILATION_CONDITIONS = DEBUG;
				SWIFT_OPTIMIZATION_LEVEL = "-Onone";
			};
			name = Debug;
		};
		327A7603227085F600F8957F /* Release */ = {
			isa = XCBuildConfiguration;
			buildSettings = {
				ALWAYS_SEARCH_USER_PATHS = NO;
				CLANG_ANALYZER_NONNULL = YES;
				CLANG_ANALYZER_NUMBER_OBJECT_CONVERSION = YES_AGGRESSIVE;
				CLANG_CXX_LANGUAGE_STANDARD = "gnu++14";
				CLANG_CXX_LIBRARY = "libc++";
				CLANG_ENABLE_MODULES = YES;
				CLANG_ENABLE_OBJC_ARC = YES;
				CLANG_ENABLE_OBJC_WEAK = YES;
				CLANG_WARN_BLOCK_CAPTURE_AUTORELEASING = YES;
				CLANG_WARN_BOOL_CONVERSION = YES;
				CLANG_WARN_COMMA = YES;
				CLANG_WARN_CONSTANT_CONVERSION = YES;
				CLANG_WARN_DEPRECATED_OBJC_IMPLEMENTATIONS = YES;
				CLANG_WARN_DIRECT_OBJC_ISA_USAGE = YES_ERROR;
				CLANG_WARN_DOCUMENTATION_COMMENTS = YES;
				CLANG_WARN_EMPTY_BODY = YES;
				CLANG_WARN_ENUM_CONVERSION = YES;
				CLANG_WARN_INFINITE_RECURSION = YES;
				CLANG_WARN_INT_CONVERSION = YES;
				CLANG_WARN_NON_LITERAL_NULL_CONVERSION = YES;
				CLANG_WARN_OBJC_IMPLICIT_RETAIN_SELF = YES;
				CLANG_WARN_OBJC_LITERAL_CONVERSION = YES;
				CLANG_WARN_OBJC_ROOT_CLASS = YES_ERROR;
				CLANG_WARN_RANGE_LOOP_ANALYSIS = YES;
				CLANG_WARN_STRICT_PROTOTYPES = YES;
				CLANG_WARN_SUSPICIOUS_MOVE = YES;
				CLANG_WARN_UNGUARDED_AVAILABILITY = YES_AGGRESSIVE;
				CLANG_WARN_UNREACHABLE_CODE = YES;
				CLANG_WARN__DUPLICATE_METHOD_MATCH = YES;
				CODE_SIGN_IDENTITY = "iPhone Developer";
				COPY_PHASE_STRIP = NO;
				DEBUG_INFORMATION_FORMAT = "dwarf-with-dsym";
				ENABLE_NS_ASSERTIONS = NO;
				ENABLE_STRICT_OBJC_MSGSEND = YES;
				GCC_C_LANGUAGE_STANDARD = gnu11;
				GCC_NO_COMMON_BLOCKS = YES;
				GCC_WARN_64_TO_32_BIT_CONVERSION = YES;
				GCC_WARN_ABOUT_RETURN_TYPE = YES_ERROR;
				GCC_WARN_UNDECLARED_SELECTOR = YES;
				GCC_WARN_UNINITIALIZED_AUTOS = YES_AGGRESSIVE;
				GCC_WARN_UNUSED_FUNCTION = YES;
				GCC_WARN_UNUSED_VARIABLE = YES;
				IPHONEOS_DEPLOYMENT_TARGET = 12.2;
				MTL_ENABLE_DEBUG_INFO = NO;
				MTL_FAST_MATH = YES;
				SDKROOT = iphoneos;
				SWIFT_COMPILATION_MODE = wholemodule;
				SWIFT_OPTIMIZATION_LEVEL = "-O";
				VALIDATE_PRODUCT = YES;
			};
			name = Release;
		};
		327A7605227085F600F8957F /* Debug */ = {
			isa = XCBuildConfiguration;
			buildSettings = {
				ASSETCATALOG_COMPILER_APPICON_NAME = AppIcon;
				CODE_SIGN_STYLE = Automatic;
				DEVELOPMENT_TEAM = Q3B3DK2J6U;
				INFOPLIST_FILE = MyCV/Info.plist;
				LD_RUNPATH_SEARCH_PATHS = (
					"$(inherited)",
					"@executable_path/Frameworks",
				);
				PRODUCT_BUNDLE_IDENTIFIER = lacky.corp.MyCV;
				PRODUCT_NAME = "$(TARGET_NAME)";
				SWIFT_VERSION = 5.0;
				TARGETED_DEVICE_FAMILY = "1,2";
			};
			name = Debug;
		};
		327A7606227085F600F8957F /* Release */ = {
			isa = XCBuildConfiguration;
			buildSettings = {
				ASSETCATALOG_COMPILER_APPICON_NAME = AppIcon;
				CODE_SIGN_STYLE = Automatic;
				DEVELOPMENT_TEAM = Q3B3DK2J6U;
				INFOPLIST_FILE = MyCV/Info.plist;
				LD_RUNPATH_SEARCH_PATHS = (
					"$(inherited)",
					"@executable_path/Frameworks",
				);
				PRODUCT_BUNDLE_IDENTIFIER = lacky.corp.MyCV;
				PRODUCT_NAME = "$(TARGET_NAME)";
				SWIFT_VERSION = 5.0;
				TARGETED_DEVICE_FAMILY = "1,2";
			};
			name = Release;
		};
		327A7608227085F600F8957F /* Debug */ = {
			isa = XCBuildConfiguration;
			buildSettings = {
				ALWAYS_EMBED_SWIFT_STANDARD_LIBRARIES = YES;
				BUNDLE_LOADER = "$(TEST_HOST)";
				CODE_SIGN_STYLE = Automatic;
				DEVELOPMENT_TEAM = Q3B3DK2J6U;
				INFOPLIST_FILE = MyCVTests/Info.plist;
				LD_RUNPATH_SEARCH_PATHS = (
					"$(inherited)",
					"@executable_path/Frameworks",
					"@loader_path/Frameworks",
				);
				PRODUCT_BUNDLE_IDENTIFIER = lacky.corp.MyCVTests;
				PRODUCT_NAME = "$(TARGET_NAME)";
				SWIFT_VERSION = 5.0;
				TARGETED_DEVICE_FAMILY = "1,2";
				TEST_HOST = "$(BUILT_PRODUCTS_DIR)/MyCV.app/MyCV";
			};
			name = Debug;
		};
		327A7609227085F600F8957F /* Release */ = {
			isa = XCBuildConfiguration;
			buildSettings = {
				ALWAYS_EMBED_SWIFT_STANDARD_LIBRARIES = YES;
				BUNDLE_LOADER = "$(TEST_HOST)";
				CODE_SIGN_STYLE = Automatic;
				DEVELOPMENT_TEAM = Q3B3DK2J6U;
				INFOPLIST_FILE = MyCVTests/Info.plist;
				LD_RUNPATH_SEARCH_PATHS = (
					"$(inherited)",
					"@executable_path/Frameworks",
					"@loader_path/Frameworks",
				);
				PRODUCT_BUNDLE_IDENTIFIER = lacky.corp.MyCVTests;
				PRODUCT_NAME = "$(TARGET_NAME)";
				SWIFT_VERSION = 5.0;
				TARGETED_DEVICE_FAMILY = "1,2";
				TEST_HOST = "$(BUILT_PRODUCTS_DIR)/MyCV.app/MyCV";
			};
			name = Release;
		};
/* End XCBuildConfiguration section */

/* Begin XCConfigurationList section */
		327A75DF227085F300F8957F /* Build configuration list for PBXProject "MyCV" */ = {
			isa = XCConfigurationList;
			buildConfigurations = (
				327A7602227085F600F8957F /* Debug */,
				327A7603227085F600F8957F /* Release */,
			);
			defaultConfigurationIsVisible = 0;
			defaultConfigurationName = Release;
		};
		327A7604227085F600F8957F /* Build configuration list for PBXNativeTarget "MyCV" */ = {
			isa = XCConfigurationList;
			buildConfigurations = (
				327A7605227085F600F8957F /* Debug */,
				327A7606227085F600F8957F /* Release */,
			);
			defaultConfigurationIsVisible = 0;
			defaultConfigurationName = Release;
		};
		327A7607227085F600F8957F /* Build configuration list for PBXNativeTarget "MyCVTests" */ = {
			isa = XCConfigurationList;
			buildConfigurations = (
				327A7608227085F600F8957F /* Debug */,
				327A7609227085F600F8957F /* Release */,
			);
			defaultConfigurationIsVisible = 0;
			defaultConfigurationName = Release;
		};
/* End XCConfigurationList section */

/* Begin XCVersionGroup section */
		327A75EE227085F300F8957F /* MyCV.xcdatamodeld */ = {
			isa = XCVersionGroup;
			children = (
				327A75EF227085F300F8957F /* MyCV.xcdatamodel */,
			);
			currentVersion = 327A75EF227085F300F8957F /* MyCV.xcdatamodel */;
			path = MyCV.xcdatamodeld;
			sourceTree = "<group>";
			versionGroupType = wrapper.xcdatamodel;
		};
/* End XCVersionGroup section */
	};
	rootObject = 327A75DC227085F300F8957F /* Project object */;
}
